
Microsoft Visual Studio Solution File, Format Version 12.00
# Visual Studio 15
Project("{FAE04EC0-301F-11D3-BF4B-00C04F79EFBC}") = "Assembly-CSharp", "Assembly-CSharp.csproj", "{8B4A7610-A7A5-5022-D679-C6C4EDC56D09}"
EndProject
Project("{FAE04EC0-301F-11D3-BF4B-00C04F79EFBC}") = "AimingRig", "AimingRig.csproj", "{8ED67DC5-3EC2-DE89-2727-5135C8B55FC1}"
EndProject
Project("{FAE04EC0-301F-11D3-BF4B-00C04F79EFBC}") = "Assembly-CSharp-Editor", "Assembly-CSharp-Editor.csproj", "{68545F62-1148-9CCE-28F6-E2F58A24A8D6}"
EndProject
Global
	GlobalSection(SolutionConfigurationPlatforms) = preSolution
		Debug|Any CPU = Debug|Any CPU
		Release|Any CPU = Release|Any CPU
	EndGlobalSection
	GlobalSection(ProjectConfigurationPlatforms) = postSolution
		{8B4A7610-A7A5-5022-D679-C6C4EDC56D09}.Debug|Any CPU.ActiveCfg = Debug|Any CPU
		{8B4A7610-A7A5-5022-D679-C6C4EDC56D09}.Debug|Any CPU.Build.0 = Debug|Any CPU
		{8B4A7610-A7A5-5022-D679-C6C4EDC56D09}.Release|Any CPU.ActiveCfg = Release|Any CPU
		{8B4A7610-A7A5-5022-D679-C6C4EDC56D09}.Release|Any CPU.Build.0 = Release|Any CPU
		{8ED67DC5-3EC2-DE89-2727-5135C8B55FC1}.Debug|Any CPU.ActiveCfg = Debug|Any CPU
		{8ED67DC5-3EC2-DE89-2727-5135C8B55FC1}.Debug|Any CPU.Build.0 = Debug|Any CPU
		{8ED67DC5-3EC2-DE89-2727-5135C8B55FC1}.Release|Any CPU.ActiveCfg = Release|Any CPU
		{8ED67DC5-3EC2-DE89-2727-5135C8B55FC1}.Release|Any CPU.Build.0 = Release|Any CPU
		{68545F62-1148-9CCE-28F6-E2F58A24A8D6}.Debug|Any CPU.ActiveCfg = Debug|Any CPU
		{68545F62-1148-9CCE-28F6-E2F58A24A8D6}.Debug|Any CPU.Build.0 = Debug|Any CPU
		{68545F62-1148-9CCE-28F6-E2F58A24A8D6}.Release|Any CPU.ActiveCfg = Release|Any CPU
		{68545F62-1148-9CCE-28F6-E2F58A24A8D6}.Release|Any CPU.Build.0 = Release|Any CPU
	EndGlobalSection
	GlobalSection(SolutionProperties) = preSolution
		HideSolutionNode = FALSE
	EndGlobalSection
EndGlobal
